PODS:
  - BoringSSL-GRPC (0.0.2):
    - BoringSSL-GRPC/Implementation (= 0.0.2)
    - BoringSSL-GRPC/Interface (= 0.0.2)
  - BoringSSL-GRPC/Implementation (0.0.2):
    - BoringSSL-GRPC/Interface (= 0.0.2)
  - BoringSSL-GRPC/Interface (0.0.2)
  - FirebaseABTesting (2.0.0):
    - FirebaseCore (~> 5.0)
    - Protobuf (~> 3.5)
  - FirebaseAnalytics (5.5.0):
    - FirebaseCore (~> 5.2)
    - FirebaseInstanceID (~> 3.4)
    - GoogleAppMeasurement (= 5.5.0)
    - GoogleUtilities/AppDelegateSwizzler (~> 5.2)
    - GoogleUtilities/MethodSwizzler (~> 5.2)
    - GoogleUtilities/Network (~> 5.2)
    - "GoogleUtilities/NSData+zlib (~> 5.2)"
    - nanopb (~> 0.3)
  - FirebaseAuth (5.3.0):
    - FirebaseAuthInterop (~> 1.0)
    - FirebaseCore (~> 5.2)
    - GoogleUtilities/Environment (~> 5.2)
    - GTMSessionFetcher/Core (~> 1.1)
  - FirebaseAuthInterop (1.0.0)
  - FirebaseCore (5.2.0):
    - GoogleUtilities/Logger (~> 5.2)
  - FirebaseDatabase (5.1.0):
    - FirebaseAuthInterop (~> 1.0)
    - FirebaseCore (~> 5.2)
    - leveldb-library (~> 1.18)
  - FirebaseFirestore (1.0.0):
    - FirebaseAuthInterop (~> 1.0)
    - FirebaseCore (~> 5.2)
    - FirebaseFirestore/abseil-cpp (= 1.0.0)
    - "gRPC-C++ (= 0.0.6)"
    - leveldb-library (~> 1.20)
    - nanopb (~> 0.3.901)
    - Protobuf (~> 3.1)
  - FirebaseFirestore/abseil-cpp (1.0.0):
    - FirebaseAuthInterop (~> 1.0)
    - FirebaseCore (~> 5.2)
    - "gRPC-C++ (= 0.0.6)"
    - leveldb-library (~> 1.20)
    - nanopb (~> 0.3.901)
    - Protobuf (~> 3.1)
  - FirebaseFunctions (2.2.0):
    - FirebaseAuthInterop (~> 1.0)
    - FirebaseCore (~> 5.2)
    - GTMSessionFetcher/Core (~> 1.1)
  - FirebaseInstanceID (3.4.0):
    - FirebaseCore (~> 5.2)
    - GoogleUtilities/Environment (~> 5.3)
    - GoogleUtilities/UserDefaults (~> 5.3)
  - FirebaseRemoteConfig (3.1.0):
    - FirebaseABTesting (~> 2.0)
    - FirebaseAnalytics (~> 5.3)
    - FirebaseCore (~> 5.1)
    - FirebaseInstanceID (~> 3.3)
    - GoogleUtilities/Environment (~> 5.2)
    - "GoogleUtilities/NSData+zlib (~> 5.2)"
    - Protobuf (~> 3.5)
  - FirebaseStorage (3.1.0):
    - FirebaseAuthInterop (~> 1.0)
    - FirebaseCore (~> 5.2)
    - GTMSessionFetcher/Core (~> 1.1)
  - GoogleAppMeasurement (5.5.0):
    - GoogleUtilities/AppDelegateSwizzler (~> 5.2)
    - GoogleUtilities/MethodSwizzler (~> 5.2)
    - GoogleUtilities/Network (~> 5.2)
    - "GoogleUtilities/NSData+zlib (~> 5.2)"
    - nanopb (~> 0.3)
  - GoogleUtilities/AppDelegateSwizzler (5.3.7):
    - GoogleUtilities/Environment
    - GoogleUtilities/Logger
    - GoogleUtilities/Network
  - GoogleUtilities/Environment (5.3.7)
  - GoogleUtilities/Logger (5.3.7):
    - GoogleUtilities/Environment
  - GoogleUtilities/MethodSwizzler (5.3.7):
    - GoogleUtilities/Logger
  - GoogleUtilities/Network (5.3.7):
    - GoogleUtilities/Logger
    - "GoogleUtilities/NSData+zlib"
    - GoogleUtilities/Reachability
  - "GoogleUtilities/NSData+zlib (5.3.7)"
  - GoogleUtilities/Reachability (5.3.7):
    - GoogleUtilities/Logger
  - GoogleUtilities/UserDefaults (5.3.7):
    - GoogleUtilities/Logger
  - "gRPC-C++ (0.0.6)":
    - "gRPC-C++/Implementation (= 0.0.6)"
    - "gRPC-C++/Interface (= 0.0.6)"
  - "gRPC-C++/Implementation (0.0.6)":
    - "gRPC-C++/Interface (= 0.0.6)"
    - gRPC-Core (= 1.17.0)
    - nanopb (~> 0.3)
  - "gRPC-C++/Interface (0.0.6)"
  - gRPC-Core (1.17.0):
    - gRPC-Core/Implementation (= 1.17.0)
    - gRPC-Core/Interface (= 1.17.0)
  - gRPC-Core/Implementation (1.17.0):
    - BoringSSL-GRPC (= 0.0.2)
    - gRPC-Core/Interface (= 1.17.0)
    - nanopb (~> 0.3)
  - gRPC-Core/Interface (1.17.0)
  - GTMSessionFetcher/Core (1.2.1)
  - leveldb-library (1.20)
  - nanopb (0.3.901):
    - nanopb/decode (= 0.3.901)
    - nanopb/encode (= 0.3.901)
  - nanopb/decode (0.3.901)
  - nanopb/encode (0.3.901)
  - Protobuf (3.6.1)
  - RxAtomic (4.4.1)
  - RxCocoa (4.4.1):
    - RxSwift (~> 4.0)
  - RxFirebase/Auth (0.3.3):
    - RxFirebaseAuthentication (~> 0.3)
  - RxFirebase/Database (0.3.3):
    - RxFirebaseDatabase (~> 0.3)
  - RxFirebase/Firestore (0.3.3):
    - RxFirebaseFirestore (~> 0.3)
  - RxFirebase/Functions (0.3.3):
    - RxFirebaseFunctions (~> 0.3)
  - RxFirebase/RemoteConfig (0.3.3):
    - RxFirebaseRemoteConfig (~> 0.3)
  - RxFirebase/Storage (0.3.3):
    - RxFirebaseStorage (~> 0.3)
  - RxFirebaseAuthentication (0.3.3):
    - FirebaseAuth (~> 5)
    - FirebaseCore (~> 5)
    - RxCocoa (~> 4)
    - RxSwift (~> 4)
  - RxFirebaseDatabase (0.3.3):
    - FirebaseDatabase (~> 5)
    - RxCocoa (~> 4)
    - RxSwift (~> 4)
  - RxFirebaseFirestore (0.3.3):
    - FirebaseFirestore (~> 1)
    - RxCocoa (~> 4)
    - RxSwift (~> 4)
  - RxFirebaseFunctions (0.3.3):
    - FirebaseFunctions (~> 2)
    - RxCocoa (~> 4)
    - RxSwift (~> 4)
  - RxFirebaseRemoteConfig (0.3.3):
    - FirebaseRemoteConfig (~> 3)
    - RxCocoa (~> 4)
    - RxSwift (~> 4)
  - RxFirebaseStorage (0.3.3):
    - FirebaseStorage (~> 3)
    - RxCocoa (~> 4)
    - RxSwift (~> 4)
  - RxSwift (4.4.1):
    - RxAtomic (~> 4.4)

DEPENDENCIES:
  - RxFirebase/Auth (from `./`)
  - RxFirebase/Database (from `./`)
  - RxFirebase/Firestore (from `./`)
  - RxFirebase/Functions (from `./`)
  - RxFirebase/RemoteConfig (from `./`)
  - RxFirebase/Storage (from `./`)
  - RxFirebaseAuthentication (from `./`)
  - RxFirebaseDatabase (from `./`)
  - RxFirebaseFirestore (from `./`)
  - RxFirebaseFunctions (from `./`)
  - RxFirebaseRemoteConfig (from `./`)
  - RxFirebaseStorage (from `./`)

SPEC REPOS:
  https://github.com/cocoapods/specs.git:
    - BoringSSL-GRPC
    - FirebaseABTesting
    - FirebaseAnalytics
    - FirebaseAuth
    - FirebaseAuthInterop
    - FirebaseCore
    - FirebaseDatabase
    - FirebaseFirestore
    - FirebaseFunctions
    - FirebaseInstanceID
    - FirebaseRemoteConfig
    - FirebaseStorage
    - GoogleAppMeasurement
    - GoogleUtilities
    - "gRPC-C++"
    - gRPC-Core
    - GTMSessionFetcher
    - leveldb-library
    - nanopb
    - Protobuf
    - RxAtomic
    - RxCocoa
    - RxSwift

EXTERNAL SOURCES:
  RxFirebase:
    :path: "./"
  RxFirebaseAuthentication:
    :path: "./"
  RxFirebaseDatabase:
    :path: "./"
  RxFirebaseFirestore:
    :path: "./"
  RxFirebaseFunctions:
    :path: "./"
  RxFirebaseRemoteConfig:
    :path: "./"
  RxFirebaseStorage:
    :path: "./"

SPEC CHECKSUMS:
  BoringSSL-GRPC: 2a230d9cd93e7ce39916044f645cebb31f37dde6
  FirebaseABTesting: 1f50b8d50f5e3469eea54e7463a7b7fe221d1f5e
  FirebaseAnalytics: d35d47c03c50c73c14a7fd31463c5775843e78a9
  FirebaseAuth: c9b3ff063c223d2841d97240af547ce511bce19a
  FirebaseAuthInterop: 0ffa57668be100582bb7643d4fcb7615496c41fc
  FirebaseCore: ea2d1816723ef21492b8e9113303e1350db5e08c
  FirebaseDatabase: 23acb0c53cd4d4070a427b60100b2e4aaa97c45d
  FirebaseFirestore: 6f2b93b4f7bb8416628142763c91ccc00fa04c86
  FirebaseFunctions: f35dd01ba4cfd036c1c521b3ed99851d7ec08c70
  FirebaseInstanceID: 97ea7a5dca9afd72c79bfcdddb7a44aa1cbb42a1
  FirebaseRemoteConfig: 7e11c65f0769c09bff6947997c209515058c5318
  FirebaseStorage: 29075f874c2b3cf61e5221a62c4ceefc809e5412
  GoogleAppMeasurement: 621f3bc6211d5ba548debe01fafad30cf5ab6859
  GoogleUtilities: 111a012f4c3a29c9e7c954c082fafd6ee3c999c0
  "gRPC-C++": e76441995900ac90e9bd98644ab4733f12521edf
  gRPC-Core: 4028031ed2c5267cca0d846c876d8046b1ecb9b6
  GTMSessionFetcher: 32aeca0aa144acea523e1c8e053089dec2cb98ca
  leveldb-library: 08cba283675b7ed2d99629a4bc5fd052cd2bb6a5
  nanopb: 2901f78ea1b7b4015c860c2fdd1ea2fee1a18d48
  Protobuf: 1eb9700044745f00181c136ef21b8ff3ad5a0fd5
  RxAtomic: f8d6adc1ccb87a767811269e4875887bc74dbf19
  RxCocoa: 2f35a76bf8887872e28a1914112395b11b8e0e64
  RxFirebase: 905b85aac0651d8053a78be90e00fed5b559d7b9
  RxFirebaseAuthentication: 6a688b0ddd90b72c48694aacc3e2b7e8bd5719bd
  RxFirebaseDatabase: e6f5c1c4b098f8c1ab80eed3bfb104a3d94ea369
  RxFirebaseFirestore: 690a9483a072a6270b13d13cb0ff113755ad9ceb
  RxFirebaseFunctions: 2b9d606a8dad33612ad31533a069e9d3d19762ca
  RxFirebaseRemoteConfig: f4c1ac13f8db365bab89ad7d6b37e4e2cd6cc1c2
  RxFirebaseStorage: 35c205f5d5c98ffa63730cffb56feb2fae32f5f2
  RxSwift: 92fcf68dfef21f3e2ab1965363d9e7b3d787597e

PODFILE CHECKSUM: 4c17659c65dea6272123034edb4da2060cce69b6

COCOAPODS: 1.6.0
