PODS:
  - abseil/algorithm (0.20200225.0):
    - abseil/algorithm/algorithm (= 0.20200225.0)
    - abseil/algorithm/container (= 0.20200225.0)
  - abseil/algorithm/algorithm (0.20200225.0):
    - abseil/base/config
  - abseil/algorithm/container (0.20200225.0):
    - abseil/algorithm/algorithm
    - abseil/base/core_headers
    - abseil/meta/type_traits
  - abseil/base (0.20200225.0):
    - abseil/base/atomic_hook (= 0.20200225.0)
    - abseil/base/base (= 0.20200225.0)
    - abseil/base/base_internal (= 0.20200225.0)
    - abseil/base/bits (= 0.20200225.0)
    - abseil/base/config (= 0.20200225.0)
    - abseil/base/core_headers (= 0.20200225.0)
    - abseil/base/dynamic_annotations (= 0.20200225.0)
    - abseil/base/endian (= 0.20200225.0)
    - abseil/base/errno_saver (= 0.20200225.0)
    - abseil/base/exponential_biased (= 0.20200225.0)
    - abseil/base/log_severity (= 0.20200225.0)
    - abseil/base/malloc_internal (= 0.20200225.0)
    - abseil/base/periodic_sampler (= 0.20200225.0)
    - abseil/base/pretty_function (= 0.20200225.0)
    - abseil/base/raw_logging_internal (= 0.20200225.0)
    - abseil/base/spinlock_wait (= 0.20200225.0)
    - abseil/base/throw_delegate (= 0.20200225.0)
  - abseil/base/atomic_hook (0.20200225.0):
    - abseil/base/config
    - abseil/base/core_headers
  - abseil/base/base (0.20200225.0):
    - abseil/base/atomic_hook
    - abseil/base/base_internal
    - abseil/base/config
    - abseil/base/core_headers
    - abseil/base/dynamic_annotations
    - abseil/base/log_severity
    - abseil/base/raw_logging_internal
    - abseil/base/spinlock_wait
    - abseil/meta/type_traits
  - abseil/base/base_internal (0.20200225.0):
    - abseil/base/config
    - abseil/meta/type_traits
  - abseil/base/bits (0.20200225.0):
    - abseil/base/config
    - abseil/base/core_headers
  - abseil/base/config (0.20200225.0)
  - abseil/base/core_headers (0.20200225.0):
    - abseil/base/config
  - abseil/base/dynamic_annotations (0.20200225.0)
  - abseil/base/endian (0.20200225.0):
    - abseil/base/config
    - abseil/base/core_headers
  - abseil/base/errno_saver (0.20200225.0):
    - abseil/base/config
  - abseil/base/exponential_biased (0.20200225.0):
    - abseil/base/config
    - abseil/base/core_headers
  - abseil/base/log_severity (0.20200225.0):
    - abseil/base/config
    - abseil/base/core_headers
  - abseil/base/malloc_internal (0.20200225.0):
    - abseil/base/base
    - abseil/base/base_internal
    - abseil/base/config
    - abseil/base/core_headers
    - abseil/base/dynamic_annotations
    - abseil/base/raw_logging_internal
  - abseil/base/periodic_sampler (0.20200225.0):
    - abseil/base/core_headers
    - abseil/base/exponential_biased
  - abseil/base/pretty_function (0.20200225.0)
  - abseil/base/raw_logging_internal (0.20200225.0):
    - abseil/base/atomic_hook
    - abseil/base/config
    - abseil/base/core_headers
    - abseil/base/log_severity
  - abseil/base/spinlock_wait (0.20200225.0):
    - abseil/base/base_internal
    - abseil/base/core_headers
    - abseil/base/errno_saver
  - abseil/base/throw_delegate (0.20200225.0):
    - abseil/base/config
    - abseil/base/raw_logging_internal
  - abseil/container/compressed_tuple (0.20200225.0):
    - abseil/utility/utility
  - abseil/container/inlined_vector (0.20200225.0):
    - abseil/algorithm/algorithm
    - abseil/base/core_headers
    - abseil/base/throw_delegate
    - abseil/container/inlined_vector_internal
    - abseil/memory/memory
  - abseil/container/inlined_vector_internal (0.20200225.0):
    - abseil/base/core_headers
    - abseil/container/compressed_tuple
    - abseil/memory/memory
    - abseil/meta/type_traits
    - abseil/types/span
  - abseil/memory (0.20200225.0):
    - abseil/memory/memory (= 0.20200225.0)
  - abseil/memory/memory (0.20200225.0):
    - abseil/base/core_headers
    - abseil/meta/type_traits
  - abseil/meta (0.20200225.0):
    - abseil/meta/type_traits (= 0.20200225.0)
  - abseil/meta/type_traits (0.20200225.0):
    - abseil/base/config
  - abseil/numeric/int128 (0.20200225.0):
    - abseil/base/config
    - abseil/base/core_headers
  - abseil/strings/internal (0.20200225.0):
    - abseil/base/config
    - abseil/base/core_headers
    - abseil/base/endian
    - abseil/base/raw_logging_internal
    - abseil/meta/type_traits
  - abseil/strings/str_format (0.20200225.0):
    - abseil/strings/str_format_internal
  - abseil/strings/str_format_internal (0.20200225.0):
    - abseil/base/config
    - abseil/base/core_headers
    - abseil/meta/type_traits
    - abseil/numeric/int128
    - abseil/strings/strings
    - abseil/types/span
  - abseil/strings/strings (0.20200225.0):
    - abseil/base/base
    - abseil/base/bits
    - abseil/base/config
    - abseil/base/core_headers
    - abseil/base/endian
    - abseil/base/raw_logging_internal
    - abseil/base/throw_delegate
    - abseil/memory/memory
    - abseil/meta/type_traits
    - abseil/numeric/int128
    - abseil/strings/internal
  - abseil/time (0.20200225.0):
    - abseil/time/internal (= 0.20200225.0)
    - abseil/time/time (= 0.20200225.0)
  - abseil/time/internal (0.20200225.0):
    - abseil/time/internal/cctz (= 0.20200225.0)
  - abseil/time/internal/cctz (0.20200225.0):
    - abseil/time/internal/cctz/civil_time (= 0.20200225.0)
    - abseil/time/internal/cctz/time_zone (= 0.20200225.0)
  - abseil/time/internal/cctz/civil_time (0.20200225.0):
    - abseil/base/config
  - abseil/time/internal/cctz/time_zone (0.20200225.0):
    - abseil/base/config
    - abseil/time/internal/cctz/civil_time
  - abseil/time/time (0.20200225.0):
    - abseil/base/base
    - abseil/base/core_headers
    - abseil/base/raw_logging_internal
    - abseil/numeric/int128
    - abseil/strings/strings
    - abseil/time/internal/cctz/civil_time
    - abseil/time/internal/cctz/time_zone
  - abseil/types (0.20200225.0):
    - abseil/types/any (= 0.20200225.0)
    - abseil/types/bad_any_cast (= 0.20200225.0)
    - abseil/types/bad_any_cast_impl (= 0.20200225.0)
    - abseil/types/bad_optional_access (= 0.20200225.0)
    - abseil/types/bad_variant_access (= 0.20200225.0)
    - abseil/types/compare (= 0.20200225.0)
    - abseil/types/optional (= 0.20200225.0)
    - abseil/types/span (= 0.20200225.0)
    - abseil/types/variant (= 0.20200225.0)
  - abseil/types/any (0.20200225.0):
    - abseil/base/config
    - abseil/base/core_headers
    - abseil/meta/type_traits
    - abseil/types/bad_any_cast
    - abseil/utility/utility
  - abseil/types/bad_any_cast (0.20200225.0):
    - abseil/base/config
    - abseil/types/bad_any_cast_impl
  - abseil/types/bad_any_cast_impl (0.20200225.0):
    - abseil/base/config
    - abseil/base/raw_logging_internal
  - abseil/types/bad_optional_access (0.20200225.0):
    - abseil/base/config
    - abseil/base/raw_logging_internal
  - abseil/types/bad_variant_access (0.20200225.0):
    - abseil/base/config
    - abseil/base/raw_logging_internal
  - abseil/types/compare (0.20200225.0):
    - abseil/base/core_headers
    - abseil/meta/type_traits
  - abseil/types/optional (0.20200225.0):
    - abseil/base/base_internal
    - abseil/base/config
    - abseil/base/core_headers
    - abseil/memory/memory
    - abseil/meta/type_traits
    - abseil/types/bad_optional_access
    - abseil/utility/utility
  - abseil/types/span (0.20200225.0):
    - abseil/algorithm/algorithm
    - abseil/base/core_headers
    - abseil/base/throw_delegate
    - abseil/meta/type_traits
  - abseil/types/variant (0.20200225.0):
    - abseil/base/base_internal
    - abseil/base/config
    - abseil/base/core_headers
    - abseil/meta/type_traits
    - abseil/types/bad_variant_access
    - abseil/utility/utility
  - abseil/utility/utility (0.20200225.0):
    - abseil/base/base_internal
    - abseil/base/config
    - abseil/meta/type_traits
  - BoringSSL-GRPC (0.0.7):
    - BoringSSL-GRPC/Implementation (= 0.0.7)
    - BoringSSL-GRPC/Interface (= 0.0.7)
  - BoringSSL-GRPC/Implementation (0.0.7):
    - BoringSSL-GRPC/Interface (= 0.0.7)
  - BoringSSL-GRPC/Interface (0.0.7)
  - FirebaseABTesting (3.2.0):
    - FirebaseAnalyticsInterop (~> 1.3)
    - FirebaseCore (~> 6.1)
    - Protobuf (>= 3.9.2, ~> 3.9)
  - FirebaseAnalyticsInterop (1.5.0)
  - FirebaseAuth (6.5.3):
    - FirebaseAuthInterop (~> 1.0)
    - FirebaseCore (~> 6.6)
    - GoogleUtilities/AppDelegateSwizzler (~> 6.5)
    - GoogleUtilities/Environment (~> 6.5)
    - GTMSessionFetcher/Core (~> 1.1)
  - FirebaseAuthInterop (1.1.0)
  - FirebaseCore (6.7.0):
    - FirebaseCoreDiagnostics (~> 1.3)
    - FirebaseCoreDiagnosticsInterop (~> 1.2)
    - GoogleUtilities/Environment (~> 6.5)
    - GoogleUtilities/Logger (~> 6.5)
  - FirebaseCoreDiagnostics (1.3.0):
    - FirebaseCoreDiagnosticsInterop (~> 1.2)
    - GoogleDataTransportCCTSupport (~> 3.1)
    - GoogleUtilities/Environment (~> 6.5)
    - GoogleUtilities/Logger (~> 6.5)
    - nanopb (~> 1.30905.0)
  - FirebaseCoreDiagnosticsInterop (1.2.0)
  - FirebaseDatabase (6.2.1):
    - FirebaseAuthInterop (~> 1.0)
    - FirebaseCore (~> 6.0)
    - leveldb-library (~> 1.22)
  - FirebaseFirestore (1.13.0):
    - abseil/algorithm (= 0.20200225.0)
    - abseil/base (= 0.20200225.0)
    - abseil/memory (= 0.20200225.0)
    - abseil/meta (= 0.20200225.0)
    - abseil/strings/strings (= 0.20200225.0)
    - abseil/time (= 0.20200225.0)
    - abseil/types (= 0.20200225.0)
    - FirebaseAuthInterop (~> 1.0)
    - FirebaseCore (~> 6.2)
    - "gRPC-C++ (~> 1.28.0)"
    - leveldb-library (~> 1.22)
    - nanopb (~> 1.30905.0)
  - FirebaseFunctions (2.5.1):
    - FirebaseAuthInterop (~> 1.0)
    - FirebaseCore (~> 6.0)
    - GTMSessionFetcher/Core (~> 1.1)
  - FirebaseInstallations (1.2.0):
    - FirebaseCore (~> 6.6)
    - GoogleUtilities/Environment (~> 6.6)
    - GoogleUtilities/UserDefaults (~> 6.6)
    - PromisesObjC (~> 1.2)
  - FirebaseRemoteConfig (4.4.10):
    - FirebaseABTesting (~> 3.1)
    - FirebaseAnalyticsInterop (~> 1.4)
    - FirebaseCore (~> 6.2)
    - FirebaseInstallations (~> 1.1)
    - GoogleUtilities/Environment (~> 6.2)
    - "GoogleUtilities/NSData+zlib (~> 6.2)"
    - Protobuf (>= 3.9.2, ~> 3.9)
  - FirebaseStorage (3.6.1):
    - FirebaseAuthInterop (~> 1.1)
    - FirebaseCore (~> 6.6)
    - GTMSessionFetcher/Core (~> 1.1)
  - GoogleDataTransport (6.1.0)
  - GoogleDataTransportCCTSupport (3.1.0):
    - GoogleDataTransport (~> 6.1)
    - nanopb (~> 1.30905.0)
  - GoogleUtilities/AppDelegateSwizzler (6.6.0):
    - GoogleUtilities/Environment
    - GoogleUtilities/Logger
    - GoogleUtilities/Network
  - GoogleUtilities/Environment (6.6.0):
    - PromisesObjC (~> 1.2)
  - GoogleUtilities/Logger (6.6.0):
    - GoogleUtilities/Environment
  - GoogleUtilities/Network (6.6.0):
    - GoogleUtilities/Logger
    - "GoogleUtilities/NSData+zlib"
    - GoogleUtilities/Reachability
  - "GoogleUtilities/NSData+zlib (6.6.0)"
  - GoogleUtilities/Reachability (6.6.0):
    - GoogleUtilities/Logger
  - GoogleUtilities/UserDefaults (6.6.0):
    - GoogleUtilities/Logger
  - "gRPC-C++ (1.28.0)":
    - "gRPC-C++/Implementation (= 1.28.0)"
    - "gRPC-C++/Interface (= 1.28.0)"
  - "gRPC-C++/Implementation (1.28.0)":
    - abseil/container/inlined_vector (= 0.20200225.0)
    - abseil/memory/memory (= 0.20200225.0)
    - abseil/strings/str_format (= 0.20200225.0)
    - abseil/strings/strings (= 0.20200225.0)
    - abseil/types/optional (= 0.20200225.0)
    - "gRPC-C++/Interface (= 1.28.0)"
    - gRPC-Core (= 1.28.0)
  - "gRPC-C++/Interface (1.28.0)"
  - gRPC-Core (1.28.0):
    - gRPC-Core/Implementation (= 1.28.0)
    - gRPC-Core/Interface (= 1.28.0)
  - gRPC-Core/Implementation (1.28.0):
    - abseil/container/inlined_vector (= 0.20200225.0)
    - abseil/memory/memory (= 0.20200225.0)
    - abseil/strings/str_format (= 0.20200225.0)
    - abseil/strings/strings (= 0.20200225.0)
    - abseil/types/optional (= 0.20200225.0)
    - BoringSSL-GRPC (= 0.0.7)
    - gRPC-Core/Interface (= 1.28.0)
  - gRPC-Core/Interface (1.28.0)
  - GTMSessionFetcher/Core (1.4.0)
  - leveldb-library (1.22)
  - nanopb (1.30905.0):
    - nanopb/decode (= 1.30905.0)
    - nanopb/encode (= 1.30905.0)
  - nanopb/decode (1.30905.0)
  - nanopb/encode (1.30905.0)
  - PromisesObjC (1.2.8)
  - Protobuf (3.11.4)
  - RxCocoa (5.1.1):
    - RxRelay (~> 5)
    - RxSwift (~> 5)
  - RxFirebase/Auth (0.3.8):
    - RxFirebaseAuthentication (~> 0.3)
  - RxFirebase/Database (0.3.8):
    - RxFirebaseDatabase (~> 0.3)
  - RxFirebase/Firestore (0.3.8):
    - RxFirebaseFirestore (~> 0.3)
  - RxFirebase/Functions (0.3.8):
    - RxFirebaseFunctions (~> 0.3)
  - RxFirebase/RemoteConfig (0.3.8):
    - RxFirebaseRemoteConfig (~> 0.3)
  - RxFirebase/Storage (0.3.8):
    - RxFirebaseStorage (~> 0.3)
  - RxFirebaseAuthentication (0.3.8):
    - FirebaseAuth (~> 6)
    - FirebaseCore (~> 6)
    - RxCocoa (~> 5)
    - RxSwift (~> 5)
  - RxFirebaseDatabase (0.3.8):
    - FirebaseDatabase (~> 6)
    - RxCocoa (~> 5)
    - RxSwift (~> 5)
  - RxFirebaseFirestore (0.3.8):
    - FirebaseFirestore (~> 1.5)
    - RxCocoa (~> 5)
    - RxSwift (~> 5)
  - RxFirebaseFunctions (0.3.8):
    - FirebaseFunctions (~> 2.5)
    - RxCocoa (~> 5)
    - RxSwift (~> 5)
  - RxFirebaseRemoteConfig (0.3.8):
    - FirebaseRemoteConfig (~> 4)
    - RxCocoa (~> 5)
    - RxSwift (~> 5)
  - RxFirebaseStorage (0.3.8):
    - FirebaseStorage (~> 3)
    - RxCocoa (~> 5)
    - RxSwift (~> 5)
  - RxRelay (5.1.1):
    - RxSwift (~> 5)
  - RxSwift (5.1.1)

DEPENDENCIES:
  - RxFirebase/Auth (from `./`)
  - RxFirebase/Database (from `./`)
  - RxFirebase/Firestore (from `./`)
  - RxFirebase/Functions (from `./`)
  - RxFirebase/RemoteConfig (from `./`)
  - RxFirebase/Storage (from `./`)
  - RxFirebaseAuthentication (from `./`)
  - RxFirebaseDatabase (from `./`)
  - RxFirebaseFirestore (from `./`)
  - RxFirebaseFunctions (from `./`)
  - RxFirebaseRemoteConfig (from `./`)
  - RxFirebaseStorage (from `./`)

SPEC REPOS:
  trunk:
    - abseil
    - BoringSSL-GRPC
    - FirebaseABTesting
    - FirebaseAnalyticsInterop
    - FirebaseAuth
    - FirebaseAuthInterop
    - FirebaseCore
    - FirebaseCoreDiagnostics
    - FirebaseCoreDiagnosticsInterop
    - FirebaseDatabase
    - FirebaseFirestore
    - FirebaseFunctions
    - FirebaseInstallations
    - FirebaseRemoteConfig
    - FirebaseStorage
    - GoogleDataTransport
    - GoogleDataTransportCCTSupport
    - GoogleUtilities
    - "gRPC-C++"
    - gRPC-Core
    - GTMSessionFetcher
    - leveldb-library
    - nanopb
    - PromisesObjC
    - Protobuf
    - RxCocoa
    - RxRelay
    - RxSwift

EXTERNAL SOURCES:
  RxFirebase:
    :path: "./"
  RxFirebaseAuthentication:
    :path: "./"
  RxFirebaseDatabase:
    :path: "./"
  RxFirebaseFirestore:
    :path: "./"
  RxFirebaseFunctions:
    :path: "./"
  RxFirebaseRemoteConfig:
    :path: "./"
  RxFirebaseStorage:
    :path: "./"

SPEC CHECKSUMS:
  abseil: 6c8eb7892aefa08d929b39f9bb108e5367e3228f
  BoringSSL-GRPC: 8edf627ee524575e2f8d19d56f068b448eea3879
  FirebaseABTesting: 821a3a3e4a145987e80fee3657c4de1cb9adf693
  FirebaseAnalyticsInterop: 3f86269c38ae41f47afeb43ebf32a001f58fcdae
  FirebaseAuth: 7047aec89c0b17ecd924a550c853f0c27ac6015e
  FirebaseAuthInterop: a0f37ae05833af156e72028f648d313f7e7592e9
  FirebaseCore: e610482f64097b0e9f056cd97bc6b33dfabcbb6a
  FirebaseCoreDiagnostics: 4a773a47bd83bbd5a9b1ccf1ce7caa8b2d535e67
  FirebaseCoreDiagnosticsInterop: 296e2c5f5314500a850ad0b83e9e7c10b011a850
  FirebaseDatabase: 4e99c0c475d1ee0aa64ae2b53c93f80b7b60d7d9
  FirebaseFirestore: 35f8f67d7b25e4743c62ea6e46c38cafa8dc32b5
  FirebaseFunctions: 5af7c35d1c5e41608fecbb667eb6c4e672e318d0
  FirebaseInstallations: 2119fb3e46b0a88bfdbf12562f855ee3252462fa
  FirebaseRemoteConfig: 12669ca87e6d9cf87a6123cb8ad8a771a7b49c6b
  FirebaseStorage: f4f39ae834a7145963b913f54e2f24a9db1d8fac
  GoogleDataTransport: f6f8eba931df03ebd2232ff4645aa85f8f47b5ab
  GoogleDataTransportCCTSupport: d70a561f7d236af529fee598835caad5e25f6d3d
  GoogleUtilities: 39530bc0ad980530298e9c4af8549e991fd033b1
  "gRPC-C++": 2ea13a2e14f0b89991a0b4b0151e7c6a56319516
  gRPC-Core: 325ba201411619a7302c621a1c8ee787719d4b9b
  GTMSessionFetcher: 6f5c8abbab8a9bce4bb3f057e317728ec6182b10
  leveldb-library: 55d93ee664b4007aac644a782d11da33fba316f7
  nanopb: c43f40fadfe79e8b8db116583945847910cbabc9
  PromisesObjC: c119f3cd559f50b7ae681fa59dc1acd19173b7e6
  Protobuf: 176220c526ad8bd09ab1fb40a978eac3fef665f7
  RxCocoa: 32065309a38d29b5b0db858819b5bf9ef038b601
  RxFirebase: 45e6448c69c7212e21f8ba89144443f916437861
  RxFirebaseAuthentication: 5d0573fd641947ed857346624d1c849bbd86bdff
  RxFirebaseDatabase: 5c1d3d31c9858f05ff6ad92e5b4b696354d1497b
  RxFirebaseFirestore: edabc5e6b02bd876a323a0e53cb5071356505db2
  RxFirebaseFunctions: c32622f9bb7c75c01a2489a38e376b5038e2d6f3
  RxFirebaseRemoteConfig: 0ed07be283650b572cb07bb8b940f08546c4b792
  RxFirebaseStorage: 271184ff8f8d3660bfc751dcafdbb4dd01d0b8a1
  RxRelay: d77f7d771495f43c556cbc43eebd1bb54d01e8e9
  RxSwift: 81470a2074fa8780320ea5fe4102807cb7118178

PODFILE CHECKSUM: 6b5209972f53f589215fcd40d8892f3d937408a6

COCOAPODS: 1.8.4
